
Microsoft Visual Studio Solution File, Format Version 12.00
# Visual Studio Version 16
VisualStudioVersion = 16.0.31729.503
MinimumVisualStudioVersion = 10.0.40219.1
Project("{FAE04EC0-301F-11D3-BF4B-00C04F79EFBC}") = "QuanLyHoaMai", "QuanLyHoaMai\QuanLyHoaMai.csproj", "{0DEE601F-A21A-4C4C-82C1-9F4A5CA6E28D}"
EndProject
Global
	GlobalSection(SolutionConfigurationPlatforms) = preSolution
		Debug|Any CPU = Debug|Any CPU
		Release|Any CPU = Release|Any CPU
	EndGlobalSection
	GlobalSection(ProjectConfigurationPlatforms) = postSolution
		{0DEE601F-A21A-4C4C-82C1-9F4A5CA6E28D}.Debug|Any CPU.ActiveCfg = Debug|Any CPU
		{0DEE601F-A21A-4C4C-82C1-9F4A5CA6E28D}.Debug|Any CPU.Build.0 = Debug|Any CPU
		{0DEE601F-A21A-4C4C-82C1-9F4A5CA6E28D}.Release|Any CPU.ActiveCfg = Release|Any CPU
		{0DEE601F-A21A-4C4C-82C1-9F4A5CA6E28D}.Release|Any CPU.Build.0 = Release|Any CPU
	EndGlobalSection
	GlobalSection(SolutionProperties) = preSolution
		HideSolutionNode = FALSE
	EndGlobalSection
	GlobalSection(ExtensibilityGlobals) = postSolution
		SolutionGuid = {2723E24E-A0D8-4C76-B26D-A8586A494A93}
	EndGlobalSection
EndGlobal
